
Microsoft Visual Studio Solution File, Format Version 12.00
# Visual Studio Version 17
VisualStudioVersion = 17.8.34511.84
MinimumVisualStudioVersion = 10.0.40219.1
Project("{FAE04EC0-301F-11D3-BF4B-00C04F79EFBC}") = "EsercizioW1D2", "EsercizioW1D2.csproj", "{ADA5D8CA-02E7-4B50-B774-D24DC7B6B7B1}"
EndProject
Global
	GlobalSection(SolutionConfigurationPlatforms) = preSolution
		Debug|Any CPU = Debug|Any CPU
		Release|Any CPU = Release|Any CPU
	EndGlobalSection
	GlobalSection(ProjectConfigurationPlatforms) = postSolution
		{ADA5D8CA-02E7-4B50-B774-D24DC7B6B7B1}.Debug|Any CPU.ActiveCfg = Debug|Any CPU
		{ADA5D8CA-02E7-4B50-B774-D24DC7B6B7B1}.Debug|Any CPU.Build.0 = Debug|Any CPU
		{ADA5D8CA-02E7-4B50-B774-D24DC7B6B7B1}.Release|Any CPU.ActiveCfg = Release|Any CPU
		{ADA5D8CA-02E7-4B50-B774-D24DC7B6B7B1}.Release|Any CPU.Build.0 = Release|Any CPU
	EndGlobalSection
	GlobalSection(SolutionProperties) = preSolution
		HideSolutionNode = FALSE
	EndGlobalSection
	GlobalSection(ExtensibilityGlobals) = postSolution
		SolutionGuid = {C781209F-FBC9-49CA-AEA4-234D1A6EC9A7}
	EndGlobalSection
EndGlobal
